
Microsoft Visual Studio Solution File, Format Version 12.00
# Visual Studio Version 17
VisualStudioVersion = 17.0.31903.59
MinimumVisualStudioVersion = 10.0.40219.1
Project("{9A19103F-16F7-4668-BE54-9A1E7A4F7556}") = "TemporaryDb", "src\TemporaryDb\TemporaryDb.csproj", "{8857F9B4-65D2-4758-968D-1DBF75156949}"
EndProject
Project("{9A19103F-16F7-4668-BE54-9A1E7A4F7556}") = "TemporaryDb.Tests", "test\TemporaryDb.Tests\TemporaryDb.Tests.csproj", "{D8F743E7-ACCD-4FE6-B10F-EDEBBC76661D}"
EndProject
Global
	GlobalSection(SolutionConfigurationPlatforms) = preSolution
		Debug|Any CPU = Debug|Any CPU
		Release|Any CPU = Release|Any CPU
	EndGlobalSection
	GlobalSection(ProjectConfigurationPlatforms) = postSolution
		{8857F9B4-65D2-4758-968D-1DBF75156949}.Debug|Any CPU.ActiveCfg = Debug|Any CPU
		{8857F9B4-65D2-4758-968D-1DBF75156949}.Debug|Any CPU.Build.0 = Debug|Any CPU
		{8857F9B4-65D2-4758-968D-1DBF75156949}.Release|Any CPU.ActiveCfg = Release|Any CPU
		{8857F9B4-65D2-4758-968D-1DBF75156949}.Release|Any CPU.Build.0 = Release|Any CPU
		{D8F743E7-ACCD-4FE6-B10F-EDEBBC76661D}.Debug|Any CPU.ActiveCfg = Debug|Any CPU
		{D8F743E7-ACCD-4FE6-B10F-EDEBBC76661D}.Debug|Any CPU.Build.0 = Debug|Any CPU
		{D8F743E7-ACCD-4FE6-B10F-EDEBBC76661D}.Release|Any CPU.ActiveCfg = Release|Any CPU
		{D8F743E7-ACCD-4FE6-B10F-EDEBBC76661D}.Release|Any CPU.Build.0 = Release|Any CPU
	EndGlobalSection
	GlobalSection(SolutionProperties) = preSolution
		HideSolutionNode = FALSE
	EndGlobalSection
	GlobalSection(ExtensibilityGlobals) = postSolution
		SolutionGuid = {4A8237F0-B76E-4ACB-8157-567B0E04EA71}
	EndGlobalSection
EndGlobal
